// !$*UTF8*$!
{
	archiveVersion = 1;
	classes = {
	};
	objectVersion = 55;
	objects = {

/* Begin PBXBuildFile section */
		FB6BEE092710B64000E2D7C8 /* NavigationSwiftUIApp.swift in Sources */ = {isa = PBXBuildFile; fileRef = FB6BEE082710B64000E2D7C8 /* NavigationSwiftUIApp.swift */; };
		FB6BEE0B2710B64000E2D7C8 /* ContentView.swift in Sources */ = {isa = PBXBuildFile; fileRef = FB6BEE0A2710B64000E2D7C8 /* ContentView.swift */; };
		FB6BEE0D2710B64200E2D7C8 /* Assets.xcassets in Resources */ = {isa = PBXBuildFile; fileRef = FB6BEE0C2710B64200E2D7C8 /* Assets.xcassets */; };
		FB6BEE102710B64200E2D7C8 /* Preview Assets.xcassets in Resources */ = {isa = PBXBuildFile; fileRef = FB6BEE0F2710B64200E2D7C8 /* Preview Assets.xcassets */; };
		FB6BEE182710BA5B00E2D7C8 /* CustomNavBarView.swift in Sources */ = {isa = PBXBuildFile; fileRef = FB6BEE172710BA5B00E2D7C8 /* CustomNavBarView.swift */; };
		FB6BEE1A2710BD8700E2D7C8 /* CustomNavBarContainerView.swift in Sources */ = {isa = PBXBuildFile; fileRef = FB6BEE192710BD8700E2D7C8 /* CustomNavBarContainerView.swift */; };
		FB6BEE1C2710C05700E2D7C8 /* AppNavBarView.swift in Sources */ = {isa = PBXBuildFile; fileRef = FB6BEE1B2710C05700E2D7C8 /* AppNavBarView.swift */; };
		FB6BEE1E2710C22200E2D7C8 /* CustomNavView.swift in Sources */ = {isa = PBXBuildFile; fileRef = FB6BEE1D2710C22200E2D7C8 /* CustomNavView.swift */; };
		FB6BEE202710C3B400E2D7C8 /* CustomNavLink.swift in Sources */ = {isa = PBXBuildFile; fileRef = FB6BEE1F2710C3B400E2D7C8 /* CustomNavLink.swift */; };
		FB6BEE222710C74C00E2D7C8 /* CustomNavBarPreferenceKeys.swift in Sources */ = {isa = PBXBuildFile; fileRef = FB6BEE212710C74C00E2D7C8 /* CustomNavBarPreferenceKeys.swift */; };
/* End PBXBuildFile section */

/* Begin PBXFileReference section */
		FB6BEE052710B64000E2D7C8 /* NavigationSwiftUI.app */ = {isa = PBXFileReference; explicitFileType = wrapper.application; includeInIndex = 0; path = NavigationSwiftUI.app; sourceTree = BUILT_PRODUCTS_DIR; };
		FB6BEE082710B64000E2D7C8 /* NavigationSwiftUIApp.swift */ = {isa = PBXFileReference; lastKnownFileType = sourcecode.swift; path = NavigationSwiftUIApp.swift; sourceTree = "<group>"; };
		FB6BEE0A2710B64000E2D7C8 /* ContentView.swift */ = {isa = PBXFileReference; lastKnownFileType = sourcecode.swift; path = ContentView.swift; sourceTree = "<group>"; };
		FB6BEE0C2710B64200E2D7C8 /* Assets.xcassets */ = {isa = PBXFileReference; lastKnownFileType = folder.assetcatalog; path = Assets.xcassets; sourceTree = "<group>"; };
		FB6BEE0F2710B64200E2D7C8 /* Preview Assets.xcassets */ = {isa = PBXFileReference; lastKnownFileType = folder.assetcatalog; path = "Preview Assets.xcassets"; sourceTree = "<group>"; };
		FB6BEE172710BA5B00E2D7C8 /* CustomNavBarView.swift */ = {isa = PBXFileReference; lastKnownFileType = sourcecode.swift; path = CustomNavBarView.swift; sourceTree = "<group>"; };
		FB6BEE192710BD8700E2D7C8 /* CustomNavBarContainerView.swift */ = {isa = PBXFileReference; lastKnownFileType = sourcecode.swift; path = CustomNavBarContainerView.swift; sourceTree = "<group>"; };
		FB6BEE1B2710C05700E2D7C8 /* AppNavBarView.swift */ = {isa = PBXFileReference; lastKnownFileType = sourcecode.swift; path = AppNavBarView.swift; sourceTree = "<group>"; };
		FB6BEE1D2710C22200E2D7C8 /* CustomNavView.swift */ = {isa = PBXFileReference; lastKnownFileType = sourcecode.swift; path = CustomNavView.swift; sourceTree = "<group>"; };
		FB6BEE1F2710C3B400E2D7C8 /* CustomNavLink.swift */ = {isa = PBXFileReference; lastKnownFileType = sourcecode.swift; path = CustomNavLink.swift; sourceTree = "<group>"; };
		FB6BEE212710C74C00E2D7C8 /* CustomNavBarPreferenceKeys.swift */ = {isa = PBXFileReference; lastKnownFileType = sourcecode.swift; path = CustomNavBarPreferenceKeys.swift; sourceTree = "<group>"; };
/* End PBXFileReference section */

/* Begin PBXFrameworksBuildPhase section */
		FB6BEE022710B64000E2D7C8 /* Frameworks */ = {
			isa = PBXFrameworksBuildPhase;
			buildActionMask = 2147483647;
			files = (
			);
			runOnlyForDeploymentPostprocessing = 0;
		};
/* End PBXFrameworksBuildPhase section */

/* Begin PBXGroup section */
		FB6BEDFC2710B64000E2D7C8 = {
			isa = PBXGroup;
			children = (
				FB6BEE072710B64000E2D7C8 /* NavigationSwiftUI */,
				FB6BEE062710B64000E2D7C8 /* Products */,
			);
			sourceTree = "<group>";
		};
		FB6BEE062710B64000E2D7C8 /* Products */ = {
			isa = PBXGroup;
			children = (
				FB6BEE052710B64000E2D7C8 /* NavigationSwiftUI.app */,
			);
			name = Products;
			sourceTree = "<group>";
		};
		FB6BEE072710B64000E2D7C8 /* NavigationSwiftUI */ = {
			isa = PBXGroup;
			children = (
				FB6BEE162710BA1E00E2D7C8 /* Navigation */,
				FB6BEE082710B64000E2D7C8 /* NavigationSwiftUIApp.swift */,
				FB6BEE0A2710B64000E2D7C8 /* ContentView.swift */,
				FB6BEE0C2710B64200E2D7C8 /* Assets.xcassets */,
				FB6BEE0E2710B64200E2D7C8 /* Preview Content */,
			);
			path = NavigationSwiftUI;
			sourceTree = "<group>";
		};
		FB6BEE0E2710B64200E2D7C8 /* Preview Content */ = {
			isa = PBXGroup;
			children = (
				FB6BEE0F2710B64200E2D7C8 /* Preview Assets.xcassets */,
			);
			path = "Preview Content";
			sourceTree = "<group>";
		};
		FB6BEE162710BA1E00E2D7C8 /* Navigation */ = {
			isa = PBXGroup;
			children = (
				FB6BEE1B2710C05700E2D7C8 /* AppNavBarView.swift */,
				FB6BEE172710BA5B00E2D7C8 /* CustomNavBarView.swift */,
				FB6BEE192710BD8700E2D7C8 /* CustomNavBarContainerView.swift */,
				FB6BEE1D2710C22200E2D7C8 /* CustomNavView.swift */,
				FB6BEE1F2710C3B400E2D7C8 /* CustomNavLink.swift */,
				FB6BEE212710C74C00E2D7C8 /* CustomNavBarPreferenceKeys.swift */,
			);
			path = Navigation;
			sourceTree = "<group>";
		};
/* End PBXGroup section */

/* Begin PBXNativeTarget section */
		FB6BEE042710B64000E2D7C8 /* NavigationSwiftUI */ = {
			isa = PBXNativeTarget;
			buildConfigurationList = FB6BEE132710B64200E2D7C8 /* Build configuration list for PBXNativeTarget "NavigationSwiftUI" */;
			buildPhases = (
				FB6BEE012710B64000E2D7C8 /* Sources */,
				FB6BEE022710B64000E2D7C8 /* Frameworks */,
				FB6BEE032710B64000E2D7C8 /* Resources */,
			);
			buildRules = (
			);
			dependencies = (
			);
			name = NavigationSwiftUI;
			productName = NavigationSwiftUI;
			productReference = FB6BEE052710B64000E2D7C8 /* NavigationSwiftUI.app */;
			productType = "com.apple.product-type.application";
		};
/* End PBXNativeTarget section */

/* Begin PBXProject section */
		FB6BEDFD2710B64000E2D7C8 /* Project object */ = {
			isa = PBXProject;
			attributes = {
				BuildIndependentTargetsInParallel = 1;
				LastSwiftUpdateCheck = 1300;
				LastUpgradeCheck = 1300;
				TargetAttributes = {
					FB6BEE042710B64000E2D7C8 = {
						CreatedOnToolsVersion = 13.0;
					};
				};
			};
			buildConfigurationList = FB6BEE002710B64000E2D7C8 /* Build configuration list for PBXProject "NavigationSwiftUI" */;
			compatibilityVersion = "Xcode 13.0";
			developmentRegion = en;
			hasScannedForEncodings = 0;
			knownRegions = (
				en,
				Base,
			);
			mainGroup = FB6BEDFC2710B64000E2D7C8;
			productRefGroup = FB6BEE062710B64000E2D7C8 /* Products */;
			projectDirPath = "";
			projectRoot = "";
			targets = (
				FB6BEE042710B64000E2D7C8 /* NavigationSwiftUI */,
			);
		};
/* End PBXProject section */

/* Begin PBXResourcesBuildPhase section */
		FB6BEE032710B64000E2D7C8 /* Resources */ = {
			isa = PBXResourcesBuildPhase;
			buildActionMask = 2147483647;
			files = (
				FB6BEE102710B64200E2D7C8 /* Preview Assets.xcassets in Resources */,
				FB6BEE0D2710B64200E2D7C8 /* Assets.xcassets in Resources */,
			);
			runOnlyForDeploymentPostprocessing = 0;
		};
/* End PBXResourcesBuildPhase section */

/* Begin PBXSourcesBuildPhase section */
		FB6BEE012710B64000E2D7C8 /* Sources */ = {
			isa = PBXSourcesBuildPhase;
			buildActionMask = 2147483647;
			files = (
				FB6BEE182710BA5B00E2D7C8 /* CustomNavBarView.swift in Sources */,
				FB6BEE1C2710C05700E2D7C8 /* AppNavBarView.swift in Sources */,
				FB6BEE1A2710BD8700E2D7C8 /* CustomNavBarContainerView.swift in Sources */,
				FB6BEE202710C3B400E2D7C8 /* CustomNavLink.swift in Sources */,
				FB6BEE0B2710B64000E2D7C8 /* ContentView.swift in Sources */,
				FB6BEE092710B64000E2D7C8 /* NavigationSwiftUIApp.swift in Sources */,
				FB6BEE222710C74C00E2D7C8 /* CustomNavBarPreferenceKeys.swift in Sources */,
				FB6BEE1E2710C22200E2D7C8 /* CustomNavView.swift in Sources */,
			);
			runOnlyForDeploymentPostprocessing = 0;
		};
/* End PBXSourcesBuildPhase section */

/* Begin XCBuildConfiguration section */
		FB6BEE112710B64200E2D7C8 /* Debug */ = {
			isa = XCBuildConfiguration;
			buildSettings = {
				ALWAYS_SEARCH_USER_PATHS = NO;
				CLANG_ANALYZER_NONNULL = YES;
				CLANG_ANALYZER_NUMBER_OBJECT_CONVERSION = YES_AGGRESSIVE;
				CLANG_CXX_LANGUAGE_STANDARD = "gnu++17";
				CLANG_CXX_LIBRARY = "libc++";
				CLANG_ENABLE_MODULES = YES;
				CLANG_ENABLE_OBJC_ARC = YES;
				CLANG_ENABLE_OBJC_WEAK = YES;
				CLANG_WARN_BLOCK_CAPTURE_AUTORELEASING = YES;
				CLANG_WARN_BOOL_CONVERSION = YES;
				CLANG_WARN_COMMA = YES;
				CLANG_WARN_CONSTANT_CONVERSION = YES;
				CLANG_WARN_DEPRECATED_OBJC_IMPLEMENTATIONS = YES;
				CLANG_WARN_DIRECT_OBJC_ISA_USAGE = YES_ERROR;
				CLANG_WARN_DOCUMENTATION_COMMENTS = YES;
				CLANG_WARN_EMPTY_BODY = YES;
				CLANG_WARN_ENUM_CONVERSION = YES;
				CLANG_WARN_INFINITE_RECURSION = YES;
				CLANG_WARN_INT_CONVERSION = YES;
				CLANG_WARN_NON_LITERAL_NULL_CONVERSION = YES;
				CLANG_WARN_OBJC_IMPLICIT_RETAIN_SELF = YES;
				CLANG_WARN_OBJC_LITERAL_CONVERSION = YES;
				CLANG_WARN_OBJC_ROOT_CLASS = YES_ERROR;
				CLANG_WARN_QUOTED_INCLUDE_IN_FRAMEWORK_HEADER = YES;
				CLANG_WARN_RANGE_LOOP_ANALYSIS = YES;
				CLANG_WARN_STRICT_PROTOTYPES = YES;
				CLANG_WARN_SUSPICIOUS_MOVE = YES;
				CLANG_WARN_UNGUARDED_AVAILABILITY = YES_AGGRESSIVE;
				CLANG_WARN_UNREACHABLE_CODE = YES;
				CLANG_WARN__DUPLICATE_METHOD_MATCH = YES;
				COPY_PHASE_STRIP = NO;
				DEBUG_INFORMATION_FORMAT = dwarf;
				ENABLE_STRICT_OBJC_MSGSEND = YES;
				ENABLE_TESTABILITY = YES;
				GCC_C_LANGUAGE_STANDARD = gnu11;
				GCC_DYNAMIC_NO_PIC = NO;
				GCC_NO_COMMON_BLOCKS = YES;
				GCC_OPTIMIZATION_LEVEL = 0;
				GCC_PREPROCESSOR_DEFINITIONS = (
					"DEBUG=1",
					"$(inherited)",
				);
				GCC_WARN_64_TO_32_BIT_CONVERSION = YES;
				GCC_WARN_ABOUT_RETURN_TYPE = YES_ERROR;
				GCC_WARN_UNDECLARED_SELECTOR = YES;
				GCC_WARN_UNINITIALIZED_AUTOS = YES_AGGRESSIVE;
				GCC_WARN_UNUSED_FUNCTION = YES;
				GCC_WARN_UNUSED_VARIABLE = YES;
				IPHONEOS_DEPLOYMENT_TARGET = 15.0;
				MTL_ENABLE_DEBUG_INFO = INCLUDE_SOURCE;
				MTL_FAST_MATH = YES;
				ONLY_ACTIVE_ARCH = YES;
				SDKROOT = iphoneos;
				SWIFT_ACTIVE_COMPILATION_CONDITIONS = DEBUG;
				SWIFT_OPTIMIZATION_LEVEL = "-Onone";
			};
			name = Debug;
		};
		FB6BEE122710B64200E2D7C8 /* Release */ = {
			isa = XCBuildConfiguration;
			buildSettings = {
				ALWAYS_SEARCH_USER_PATHS = NO;
				CLANG_ANALYZER_NONNULL = YES;
				CLANG_ANALYZER_NUMBER_OBJECT_CONVERSION = YES_AGGRESSIVE;
				CLANG_CXX_LANGUAGE_STANDARD = "gnu++17";
				CLANG_CXX_LIBRARY = "libc++";
				CLANG_ENABLE_MODULES = YES;
				CLANG_ENABLE_OBJC_ARC = YES;
				CLANG_ENABLE_OBJC_WEAK = YES;
				CLANG_WARN_BLOCK_CAPTURE_AUTORELEASING = YES;
				CLANG_WARN_BOOL_CONVERSION = YES;
				CLANG_WARN_COMMA = YES;
				CLANG_WARN_CONSTANT_CONVERSION = YES;
				CLANG_WARN_DEPRECATED_OBJC_IMPLEMENTATIONS = YES;
				CLANG_WARN_DIRECT_OBJC_ISA_USAGE = YES_ERROR;
				CLANG_WARN_DOCUMENTATION_COMMENTS = YES;
				CLANG_WARN_EMPTY_BODY = YES;
				CLANG_WARN_ENUM_CONVERSION = YES;
				CLANG_WARN_INFINITE_RECURSION = YES;
				CLANG_WARN_INT_CONVERSION = YES;
				CLANG_WARN_NON_LITERAL_NULL_CONVERSION = YES;
				CLANG_WARN_OBJC_IMPLICIT_RETAIN_SELF = YES;
				CLANG_WARN_OBJC_LITERAL_CONVERSION = YES;
				CLANG_WARN_OBJC_ROOT_CLASS = YES_ERROR;
				CLANG_WARN_QUOTED_INCLUDE_IN_FRAMEWORK_HEADER = YES;
				CLANG_WARN_RANGE_LOOP_ANALYSIS = YES;
				CLANG_WARN_STRICT_PROTOTYPES = YES;
				CLANG_WARN_SUSPICIOUS_MOVE = YES;
				CLANG_WARN_UNGUARDED_AVAILABILITY = YES_AGGRESSIVE;
				CLANG_WARN_UNREACHABLE_CODE = YES;
				CLANG_WARN__DUPLICATE_METHOD_MATCH = YES;
				COPY_PHASE_STRIP = NO;
				DEBUG_INFORMATION_FORMAT = "dwarf-with-dsym";
				ENABLE_NS_ASSERTIONS = NO;
				ENABLE_STRICT_OBJC_MSGSEND = YES;
				GCC_C_LANGUAGE_STANDARD = gnu11;
				GCC_NO_COMMON_BLOCKS = YES;
				GCC_WARN_64_TO_32_BIT_CONVERSION = YES;
				GCC_WARN_ABOUT_RETURN_TYPE = YES_ERROR;
				GCC_WARN_UNDECLARED_SELECTOR = YES;
				GCC_WARN_UNINITIALIZED_AUTOS = YES_AGGRESSIVE;
				GCC_WARN_UNUSED_FUNCTION = YES;
				GCC_WARN_UNUSED_VARIABLE = YES;
				IPHONEOS_DEPLOYMENT_TARGET = 15.0;
				MTL_ENABLE_DEBUG_INFO = NO;
				MTL_FAST_MATH = YES;
				SDKROOT = iphoneos;
				SWIFT_COMPILATION_MODE = wholemodule;
				SWIFT_OPTIMIZATION_LEVEL = "-O";
				VALIDATE_PRODUCT = YES;
			};
			name = Release;
		};
		FB6BEE142710B64200E2D7C8 /* Debug */ = {
			isa = XCBuildConfiguration;
			buildSettings = {
				ASSETCATALOG_COMPILER_APPICON_NAME = AppIcon;
				ASSETCATALOG_COMPILER_GLOBAL_ACCENT_COLOR_NAME = AccentColor;
				CODE_SIGN_STYLE = Automatic;
				CURRENT_PROJECT_VERSION = 1;
				DEVELOPMENT_ASSET_PATHS = "\"NavigationSwiftUI/Preview Content\"";
				DEVELOPMENT_TEAM = 3ATXW43MG6;
				ENABLE_PREVIEWS = YES;
				GENERATE_INFOPLIST_FILE = YES;
				INFOPLIST_KEY_UIApplicationSceneManifest_Generation = YES;
				INFOPLIST_KEY_UIApplicationSupportsIndirectInputEvents = YES;
				INFOPLIST_KEY_UILaunchScreen_Generation = YES;
				INFOPLIST_KEY_UISupportedInterfaceOrientations_iPad = "UIInterfaceOrientationPortrait UIInterfaceOrientationPortraitUpsideDown UIInterfaceOrientationLandscapeLeft UIInterfaceOrientationLandscapeRight";
				INFOPLIST_KEY_UISupportedInterfaceOrientations_iPhone = "UIInterfaceOrientationPortrait UIInterfaceOrientationLandscapeLeft UIInterfaceOrientationLandscapeRight";
				IPHONEOS_DEPLOYMENT_TARGET = 14.0;
				LD_RUNPATH_SEARCH_PATHS = (
					"$(inherited)",
					"@executable_path/Frameworks",
				);
				MARKETING_VERSION = 1.0;
				PRODUCT_BUNDLE_IDENTIFIER = com.prongbang.NavigationSwiftUI;
				PRODUCT_NAME = "$(TARGET_NAME)";
				SWIFT_EMIT_LOC_STRINGS = YES;
				SWIFT_VERSION = 5.0;
				TARGETED_DEVICE_FAMILY = "1,2";
			};
			name = Debug;
		};
		FB6BEE152710B64200E2D7C8 /* Release */ = {
			isa = XCBuildConfiguration;
			buildSettings = {
				ASSETCATALOG_COMPILER_APPICON_NAME = AppIcon;
				ASSETCATALOG_COMPILER_GLOBAL_ACCENT_COLOR_NAME = AccentColor;
				CODE_SIGN_STYLE = Automatic;
				CURRENT_PROJECT_VERSION = 1;
				DEVELOPMENT_ASSET_PATHS = "\"NavigationSwiftUI/Preview Content\"";
				DEVELOPMENT_TEAM = 3ATXW43MG6;
				ENABLE_PREVIEWS = YES;
				GENERATE_INFOPLIST_FILE = YES;
				INFOPLIST_KEY_UIApplicationSceneManifest_Generation = YES;
				INFOPLIST_KEY_UIApplicationSupportsIndirectInputEvents = YES;
				INFOPLIST_KEY_UILaunchScreen_Generation = YES;
				INFOPLIST_KEY_UISupportedInterfaceOrientations_iPad = "UIInterfaceOrientationPortrait UIInterfaceOrientationPortraitUpsideDown UIInterfaceOrientationLandscapeLeft UIInterfaceOrientationLandscapeRight";
				INFOPLIST_KEY_UISupportedInterfaceOrientations_iPhone = "UIInterfaceOrientationPortrait UIInterfaceOrientationLandscapeLeft UIInterfaceOrientationLandscapeRight";
				IPHONEOS_DEPLOYMENT_TARGET = 14.0;
				LD_RUNPATH_SEARCH_PATHS = (
					"$(inherited)",
					"@executable_path/Frameworks",
				);
				MARKETING_VERSION = 1.0;
				PRODUCT_BUNDLE_IDENTIFIER = com.prongbang.NavigationSwiftUI;
				PRODUCT_NAME = "$(TARGET_NAME)";
				SWIFT_EMIT_LOC_STRINGS = YES;
				SWIFT_VERSION = 5.0;
				TARGETED_DEVICE_FAMILY = "1,2";
			};
			name = Release;
		};
/* End XCBuildConfiguration section */

/* Begin XCConfigurationList section */
		FB6BEE002710B64000E2D7C8 /* Build configuration list for PBXProject "NavigationSwiftUI" */ = {
			isa = XCConfigurationList;
			buildConfigurations = (
				FB6BEE112710B64200E2D7C8 /* Debug */,
				FB6BEE122710B64200E2D7C8 /* Release */,
			);
			defaultConfigurationIsVisible = 0;
			defaultConfigurationName = Release;
		};
		FB6BEE132710B64200E2D7C8 /* Build configuration list for PBXNativeTarget "NavigationSwiftUI" */ = {
			isa = XCConfigurationList;
			buildConfigurations = (
				FB6BEE142710B64200E2D7C8 /* Debug */,
				FB6BEE152710B64200E2D7C8 /* Release */,
			);
			defaultConfigurationIsVisible = 0;
			defaultConfigurationName = Release;
		};
/* End XCConfigurationList section */
	};
	rootObject = FB6BEDFD2710B64000E2D7C8 /* Project object */;
}
